
Microsoft Visual Studio Solution File, Format Version 12.00
# Visual Studio Version 17
VisualStudioVersion = 17.0.32112.339
MinimumVisualStudioVersion = 10.0.40219.1
Project("{9A19103F-16F7-4668-BE54-9A1E7A4F7556}") = "PowerUtils.BuildingBlocks.Data", "src\PowerUtils.BuildingBlocks.Data.csproj", "{614BFF4E-29AA-4727-A5CE-86F6A1B13A1D}"
EndProject
Global
	GlobalSection(SolutionConfigurationPlatforms) = preSolution
		Debug|Any CPU = Debug|Any CPU
		Release|Any CPU = Release|Any CPU
	EndGlobalSection
	GlobalSection(ProjectConfigurationPlatforms) = postSolution
		{614BFF4E-29AA-4727-A5CE-86F6A1B13A1D}.Debug|Any CPU.ActiveCfg = Debug|Any CPU
		{614BFF4E-29AA-4727-A5CE-86F6A1B13A1D}.Debug|Any CPU.Build.0 = Debug|Any CPU
		{614BFF4E-29AA-4727-A5CE-86F6A1B13A1D}.Release|Any CPU.ActiveCfg = Release|Any CPU
		{614BFF4E-29AA-4727-A5CE-86F6A1B13A1D}.Release|Any CPU.Build.0 = Release|Any CPU
	EndGlobalSection
	GlobalSection(SolutionProperties) = preSolution
		HideSolutionNode = FALSE
	EndGlobalSection
	GlobalSection(ExtensibilityGlobals) = postSolution
		SolutionGuid = {67317AC8-6A70-4756-B354-07E2D903C41D}
	EndGlobalSection
EndGlobal
